
Microsoft Visual Studio Solution File, Format Version 12.00
# Visual Studio Version 16
VisualStudioVersion = 25.0.1706.6
MinimumVisualStudioVersion = 10.0.40219.1
Project("{FAE04EC0-301F-11D3-BF4B-00C04F79EFBC}") = "LyricsApp.Core.Entities", "Core\LyricsApp.Core\LyricsApp.Core.Entities.csproj", "{DD904525-C145-46C5-B4A3-3EC1A8EBC0E0}"
EndProject
Project("{2150E333-8FDC-42A3-9474-1A3956D46DE8}") = "Core", "Core", "{B900F459-C97F-4F7A-864C-0D4A8F307B7F}"
EndProject
Project("{2150E333-8FDC-42A3-9474-1A3956D46DE8}") = "Application", "Application", "{6DFC56FD-1B06-4916-9C3D-8BBBC8E7DFD4}"
EndProject
Project("{2150E333-8FDC-42A3-9474-1A3956D46DE8}") = "Infrastructure", "Infrastructure", "{650AC33D-63D5-4550-A044-366A5C5EF982}"
EndProject
Project("{2150E333-8FDC-42A3-9474-1A3956D46DE8}") = "Presentation", "Presentation", "{087C65BB-B5B5-4E29-B63A-B58122C8F576}"
EndProject
Project("{FAE04EC0-301F-11D3-BF4B-00C04F79EFBC}") = "LyricsApp.Infrastructure.EFCore.DataContext", "Infrastructure\LyricsApp.EFCore.DataContext\LyricsApp.Infrastructure.EFCore.DataContext.csproj", "{F0FA84BC-9101-464A-9E2B-B6A79A549089}"
EndProject
Project("{FAE04EC0-301F-11D3-BF4B-00C04F79EFBC}") = "LyricsApp.Infrastructure.IoC", "Infrastructure\LyricsApp.Infrastructure.IoC\LyricsApp.Infrastructure.IoC.csproj", "{7876CF83-6630-48C2-9E1C-1B852BBE163C}"
EndProject
Project("{FAE04EC0-301F-11D3-BF4B-00C04F79EFBC}") = "LyricsApp.Songs", "Application\LyricsApp.Songs\LyricsApp.Songs.csproj", "{C267B459-6F86-4D24-A1D2-8D0CC14C7455}"
EndProject
Project("{FAE04EC0-301F-11D3-BF4B-00C04F79EFBC}") = "LyricsApp.Users", "Application\LyricsApp.Users\LyricsApp.Users.csproj", "{4B110CC7-7926-43FD-BC13-B100CE99D44F}"
EndProject
Project("{FAE04EC0-301F-11D3-BF4B-00C04F79EFBC}") = "LyricsApp.Supabase", "Infrastructure\LyricsApp.Supabase\LyricsApp.Supabase.csproj", "{15C787FB-8564-4B99-9D96-13837F474855}"
EndProject
Project("{FAE04EC0-301F-11D3-BF4B-00C04F79EFBC}") = "LyricsApp.Application.IoC", "Application\LyricsApp.Application.IoC\LyricsApp.Application.IoC.csproj", "{C161EE87-BDBD-4329-B94B-C4B3538B351D}"
EndProject
Project("{FAE04EC0-301F-11D3-BF4B-00C04F79EFBC}") = "LyricsApp.Auth", "Application\LyricsApp.Auth\LyricsApp.Auth.csproj", "{8476D8E9-F679-4EA0-9BAE-FCB275A8BEF3}"
EndProject
Project("{FAE04EC0-301F-11D3-BF4B-00C04F79EFBC}") = "LyricsApp.Genres", "Application\LyricsApp.Genres\LyricsApp.Genres.csproj", "{6EBCDB29-2857-4655-8603-F2EA69E66F92}"
EndProject
Project("{FAE04EC0-301F-11D3-BF4B-00C04F79EFBC}") = "LyricsApp.JwtTokenHandler", "Infrastructure\LyricsApp.JwtTokenHandler\LyricsApp.JwtTokenHandler.csproj", "{BAF69519-B2CC-4C44-8B92-4D0E9F266429}"
EndProject
Project("{FAE04EC0-301F-11D3-BF4B-00C04F79EFBC}") = "LyricsApp.Playlists", "Application\LyricsApp.Playlists\LyricsApp.Playlists.csproj", "{05F7891D-BD90-4FD0-B189-8528BC61519E}"
EndProject
Project("{FAE04EC0-301F-11D3-BF4B-00C04F79EFBC}") = "LyricsApp.WebApp", "Presentation\LyricsApp.WebApp\LyricsApp.WebApp.csproj", "{7D4A6A3B-D1E8-4A73-B840-7E36C70DB94F}"
EndProject
Global
	GlobalSection(SolutionConfigurationPlatforms) = preSolution
		Debug|Any CPU = Debug|Any CPU
		Release|Any CPU = Release|Any CPU
	EndGlobalSection
	GlobalSection(ProjectConfigurationPlatforms) = postSolution
		{DD904525-C145-46C5-B4A3-3EC1A8EBC0E0}.Debug|Any CPU.ActiveCfg = Debug|Any CPU
		{DD904525-C145-46C5-B4A3-3EC1A8EBC0E0}.Debug|Any CPU.Build.0 = Debug|Any CPU
		{DD904525-C145-46C5-B4A3-3EC1A8EBC0E0}.Release|Any CPU.ActiveCfg = Release|Any CPU
		{DD904525-C145-46C5-B4A3-3EC1A8EBC0E0}.Release|Any CPU.Build.0 = Release|Any CPU
		{F0FA84BC-9101-464A-9E2B-B6A79A549089}.Debug|Any CPU.ActiveCfg = Debug|Any CPU
		{F0FA84BC-9101-464A-9E2B-B6A79A549089}.Debug|Any CPU.Build.0 = Debug|Any CPU
		{F0FA84BC-9101-464A-9E2B-B6A79A549089}.Release|Any CPU.ActiveCfg = Release|Any CPU
		{F0FA84BC-9101-464A-9E2B-B6A79A549089}.Release|Any CPU.Build.0 = Release|Any CPU
		{7876CF83-6630-48C2-9E1C-1B852BBE163C}.Debug|Any CPU.ActiveCfg = Debug|Any CPU
		{7876CF83-6630-48C2-9E1C-1B852BBE163C}.Debug|Any CPU.Build.0 = Debug|Any CPU
		{7876CF83-6630-48C2-9E1C-1B852BBE163C}.Release|Any CPU.ActiveCfg = Release|Any CPU
		{7876CF83-6630-48C2-9E1C-1B852BBE163C}.Release|Any CPU.Build.0 = Release|Any CPU
		{C267B459-6F86-4D24-A1D2-8D0CC14C7455}.Debug|Any CPU.ActiveCfg = Debug|Any CPU
		{C267B459-6F86-4D24-A1D2-8D0CC14C7455}.Debug|Any CPU.Build.0 = Debug|Any CPU
		{C267B459-6F86-4D24-A1D2-8D0CC14C7455}.Release|Any CPU.ActiveCfg = Release|Any CPU
		{C267B459-6F86-4D24-A1D2-8D0CC14C7455}.Release|Any CPU.Build.0 = Release|Any CPU
		{4B110CC7-7926-43FD-BC13-B100CE99D44F}.Debug|Any CPU.ActiveCfg = Debug|Any CPU
		{4B110CC7-7926-43FD-BC13-B100CE99D44F}.Debug|Any CPU.Build.0 = Debug|Any CPU
		{4B110CC7-7926-43FD-BC13-B100CE99D44F}.Release|Any CPU.ActiveCfg = Release|Any CPU
		{4B110CC7-7926-43FD-BC13-B100CE99D44F}.Release|Any CPU.Build.0 = Release|Any CPU
		{15C787FB-8564-4B99-9D96-13837F474855}.Debug|Any CPU.ActiveCfg = Debug|Any CPU
		{15C787FB-8564-4B99-9D96-13837F474855}.Debug|Any CPU.Build.0 = Debug|Any CPU
		{15C787FB-8564-4B99-9D96-13837F474855}.Release|Any CPU.ActiveCfg = Release|Any CPU
		{15C787FB-8564-4B99-9D96-13837F474855}.Release|Any CPU.Build.0 = Release|Any CPU
		{C161EE87-BDBD-4329-B94B-C4B3538B351D}.Debug|Any CPU.ActiveCfg = Debug|Any CPU
		{C161EE87-BDBD-4329-B94B-C4B3538B351D}.Debug|Any CPU.Build.0 = Debug|Any CPU
		{C161EE87-BDBD-4329-B94B-C4B3538B351D}.Release|Any CPU.ActiveCfg = Release|Any CPU
		{C161EE87-BDBD-4329-B94B-C4B3538B351D}.Release|Any CPU.Build.0 = Release|Any CPU
		{8476D8E9-F679-4EA0-9BAE-FCB275A8BEF3}.Debug|Any CPU.ActiveCfg = Debug|Any CPU
		{8476D8E9-F679-4EA0-9BAE-FCB275A8BEF3}.Debug|Any CPU.Build.0 = Debug|Any CPU
		{8476D8E9-F679-4EA0-9BAE-FCB275A8BEF3}.Release|Any CPU.ActiveCfg = Release|Any CPU
		{8476D8E9-F679-4EA0-9BAE-FCB275A8BEF3}.Release|Any CPU.Build.0 = Release|Any CPU
		{6EBCDB29-2857-4655-8603-F2EA69E66F92}.Debug|Any CPU.ActiveCfg = Debug|Any CPU
		{6EBCDB29-2857-4655-8603-F2EA69E66F92}.Debug|Any CPU.Build.0 = Debug|Any CPU
		{6EBCDB29-2857-4655-8603-F2EA69E66F92}.Release|Any CPU.ActiveCfg = Release|Any CPU
		{6EBCDB29-2857-4655-8603-F2EA69E66F92}.Release|Any CPU.Build.0 = Release|Any CPU
		{BAF69519-B2CC-4C44-8B92-4D0E9F266429}.Debug|Any CPU.ActiveCfg = Debug|Any CPU
		{BAF69519-B2CC-4C44-8B92-4D0E9F266429}.Debug|Any CPU.Build.0 = Debug|Any CPU
		{BAF69519-B2CC-4C44-8B92-4D0E9F266429}.Release|Any CPU.ActiveCfg = Release|Any CPU
		{BAF69519-B2CC-4C44-8B92-4D0E9F266429}.Release|Any CPU.Build.0 = Release|Any CPU
		{05F7891D-BD90-4FD0-B189-8528BC61519E}.Debug|Any CPU.ActiveCfg = Debug|Any CPU
		{05F7891D-BD90-4FD0-B189-8528BC61519E}.Debug|Any CPU.Build.0 = Debug|Any CPU
		{05F7891D-BD90-4FD0-B189-8528BC61519E}.Release|Any CPU.ActiveCfg = Release|Any CPU
		{05F7891D-BD90-4FD0-B189-8528BC61519E}.Release|Any CPU.Build.0 = Release|Any CPU
		{7D4A6A3B-D1E8-4A73-B840-7E36C70DB94F}.Debug|Any CPU.ActiveCfg = Debug|Any CPU
		{7D4A6A3B-D1E8-4A73-B840-7E36C70DB94F}.Debug|Any CPU.Build.0 = Debug|Any CPU
		{7D4A6A3B-D1E8-4A73-B840-7E36C70DB94F}.Release|Any CPU.ActiveCfg = Release|Any CPU
		{7D4A6A3B-D1E8-4A73-B840-7E36C70DB94F}.Release|Any CPU.Build.0 = Release|Any CPU
	EndGlobalSection
	GlobalSection(SolutionProperties) = preSolution
		HideSolutionNode = FALSE
	EndGlobalSection
	GlobalSection(ExtensibilityGlobals) = postSolution
		SolutionGuid = {C825ED3A-9CAD-463E-82D3-03AEFC574CDF}
	EndGlobalSection
	GlobalSection(NestedProjects) = preSolution
		{DD904525-C145-46C5-B4A3-3EC1A8EBC0E0} = {B900F459-C97F-4F7A-864C-0D4A8F307B7F}
		{F0FA84BC-9101-464A-9E2B-B6A79A549089} = {650AC33D-63D5-4550-A044-366A5C5EF982}
		{7876CF83-6630-48C2-9E1C-1B852BBE163C} = {650AC33D-63D5-4550-A044-366A5C5EF982}
		{C267B459-6F86-4D24-A1D2-8D0CC14C7455} = {6DFC56FD-1B06-4916-9C3D-8BBBC8E7DFD4}
		{4B110CC7-7926-43FD-BC13-B100CE99D44F} = {6DFC56FD-1B06-4916-9C3D-8BBBC8E7DFD4}
		{15C787FB-8564-4B99-9D96-13837F474855} = {650AC33D-63D5-4550-A044-366A5C5EF982}
		{C161EE87-BDBD-4329-B94B-C4B3538B351D} = {6DFC56FD-1B06-4916-9C3D-8BBBC8E7DFD4}
		{8476D8E9-F679-4EA0-9BAE-FCB275A8BEF3} = {6DFC56FD-1B06-4916-9C3D-8BBBC8E7DFD4}
		{6EBCDB29-2857-4655-8603-F2EA69E66F92} = {6DFC56FD-1B06-4916-9C3D-8BBBC8E7DFD4}
		{BAF69519-B2CC-4C44-8B92-4D0E9F266429} = {650AC33D-63D5-4550-A044-366A5C5EF982}
		{05F7891D-BD90-4FD0-B189-8528BC61519E} = {6DFC56FD-1B06-4916-9C3D-8BBBC8E7DFD4}
		{7D4A6A3B-D1E8-4A73-B840-7E36C70DB94F} = {087C65BB-B5B5-4E29-B63A-B58122C8F576}
	EndGlobalSection
EndGlobal
